
Microsoft Visual Studio Solution File, Format Version 11.00
# Visual Studio 2010
Project("{FAE04EC0-301F-11D3-BF4B-00C04F79EFBC}") = "VertexShader", "Assembly-CSharp.csproj", "{78B2531F-AD2D-3225-69CF-D0F08692CAE0}"
EndProject
Project("{FAE04EC0-301F-11D3-BF4B-00C04F79EFBC}") = "VertexShader", "Assembly-CSharp-Editor.csproj", "{907A67EC-190D-B710-EF60-179B1122783E}"
EndProject
Global
	GlobalSection(SolutionConfigurationPlatforms) = preSolution
		Debug|Any CPU = Debug|Any CPU
		Release|Any CPU = Release|Any CPU
	EndGlobalSection
	GlobalSection(ProjectConfigurationPlatforms) = postSolution
		{78B2531F-AD2D-3225-69CF-D0F08692CAE0}.Debug|Any CPU.ActiveCfg = Debug|Any CPU
		{78B2531F-AD2D-3225-69CF-D0F08692CAE0}.Debug|Any CPU.Build.0 = Debug|Any CPU
		{78B2531F-AD2D-3225-69CF-D0F08692CAE0}.Release|Any CPU.ActiveCfg = Release|Any CPU
		{78B2531F-AD2D-3225-69CF-D0F08692CAE0}.Release|Any CPU.Build.0 = Release|Any CPU
		{907A67EC-190D-B710-EF60-179B1122783E}.Debug|Any CPU.ActiveCfg = Debug|Any CPU
		{907A67EC-190D-B710-EF60-179B1122783E}.Debug|Any CPU.Build.0 = Debug|Any CPU
		{907A67EC-190D-B710-EF60-179B1122783E}.Release|Any CPU.ActiveCfg = Release|Any CPU
		{907A67EC-190D-B710-EF60-179B1122783E}.Release|Any CPU.Build.0 = Release|Any CPU
	EndGlobalSection
	GlobalSection(SolutionProperties) = preSolution
		HideSolutionNode = FALSE
	EndGlobalSection
	GlobalSection(MonoDevelopProperties) = preSolution
		StartupItem = Assembly-CSharp.csproj
	EndGlobalSection
EndGlobal
